// !$*UTF8*$!
{
	archiveVersion = 1;
	classes = {
	};
	objectVersion = 70;
	objects = {

/* Begin PBXBuildFile section */
		E146FE7D2CA1314100CF1713 /* libopencv_core.a in CopyFiles */ = {isa = PBXBuildFile; fileRef = E184CF162C988B580058DEF5 /* libopencv_core.a */; };
		E146FE7E2CA1314100CF1713 /* libopencv_core.dylib in CopyFiles */ = {isa = PBXBuildFile; fileRef = E184CF172C988B580058DEF5 /* libopencv_core.dylib */; settings = {ATTRIBUTES = (CodeSignOnCopy, ); }; };
		E146FE7F2CA1314100CF1713 /* libopencv_highgui.a in CopyFiles */ = {isa = PBXBuildFile; fileRef = E184CF182C988B580058DEF5 /* libopencv_highgui.a */; };
		E146FE802CA1314100CF1713 /* libopencv_highgui.dylib in CopyFiles */ = {isa = PBXBuildFile; fileRef = E184CF192C988B580058DEF5 /* libopencv_highgui.dylib */; settings = {ATTRIBUTES = (CodeSignOnCopy, ); }; };
		E146FE812CA1314100CF1713 /* libopencv_imgproc.a in CopyFiles */ = {isa = PBXBuildFile; fileRef = E184CF1A2C988B580058DEF5 /* libopencv_imgproc.a */; };
		E146FE822CA1314100CF1713 /* libopencv_imgproc.dylib in CopyFiles */ = {isa = PBXBuildFile; fileRef = E184CF1B2C988B580058DEF5 /* libopencv_imgproc.dylib */; settings = {ATTRIBUTES = (CodeSignOnCopy, ); }; };
		E146FE832CA1314100CF1713 /* libopencv_videoio.a in CopyFiles */ = {isa = PBXBuildFile; fileRef = E184CF1C2C988B580058DEF5 /* libopencv_videoio.a */; };
		E146FE842CA1314100CF1713 /* libopencv_videoio.dylib in CopyFiles */ = {isa = PBXBuildFile; fileRef = E184CF1D2C988B580058DEF5 /* libopencv_videoio.dylib */; settings = {ATTRIBUTES = (CodeSignOnCopy, ); }; };
		E146FE852CA1317000CF1713 /* libSDL2.a in Frameworks */ = {isa = PBXBuildFile; fileRef = E184CF282C988BBB0058DEF5 /* libSDL2.a */; };
		E1F4745B2C99264200193CBA /* libSDL2.a in CopyFiles */ = {isa = PBXBuildFile; fileRef = E184CF282C988BBB0058DEF5 /* libSDL2.a */; };
		E1F4745C2C99264200193CBA /* libSDL2_test.a in CopyFiles */ = {isa = PBXBuildFile; fileRef = E184CF292C988BBB0058DEF5 /* libSDL2_test.a */; };
		E1F4745D2C99264200193CBA /* libSDL2.dylib in CopyFiles */ = {isa = PBXBuildFile; fileRef = E184CF2A2C988BBB0058DEF5 /* libSDL2.dylib */; };
		E1F4745E2C99264200193CBA /* libSDL2main.a in CopyFiles */ = {isa = PBXBuildFile; fileRef = E184CF2B2C988BBB0058DEF5 /* libSDL2main.a */; };
		E1F474602C99265E00193CBA /* libavcodec.dylib in CopyFiles */ = {isa = PBXBuildFile; fileRef = E184CF4A2C98937B0058DEF5 /* libavcodec.dylib */; };
		E1F474612C99265E00193CBA /* libavdevice.dylib in CopyFiles */ = {isa = PBXBuildFile; fileRef = E184CF4B2C98937B0058DEF5 /* libavdevice.dylib */; };
		E1F474622C99265E00193CBA /* libavfilter.dylib in CopyFiles */ = {isa = PBXBuildFile; fileRef = E184CF4C2C98937B0058DEF5 /* libavfilter.dylib */; };
		E1F474632C99265E00193CBA /* libavformat.dylib in CopyFiles */ = {isa = PBXBuildFile; fileRef = E184CF4D2C98937B0058DEF5 /* libavformat.dylib */; };
		E1F474642C99265E00193CBA /* libavutil.dylib in CopyFiles */ = {isa = PBXBuildFile; fileRef = E184CF4E2C98937B0058DEF5 /* libavutil.dylib */; };
		E1F474652C99265E00193CBA /* libpostproc.dylib in CopyFiles */ = {isa = PBXBuildFile; fileRef = E184CF4F2C98937B0058DEF5 /* libpostproc.dylib */; };
		E1F474662C99265E00193CBA /* libswresample.dylib in CopyFiles */ = {isa = PBXBuildFile; fileRef = E184CF502C98937B0058DEF5 /* libswresample.dylib */; };
		E1F474672C99265E00193CBA /* libswscale.dylib in CopyFiles */ = {isa = PBXBuildFile; fileRef = E184CF512C98937B0058DEF5 /* libswscale.dylib */; };
		E1F474682C99265E00193CBA /* libavcodec.a in CopyFiles */ = {isa = PBXBuildFile; fileRef = E184CF482C98932F0058DEF5 /* libavcodec.a */; };
		E1F474692C99265E00193CBA /* libswscale.a in CopyFiles */ = {isa = PBXBuildFile; fileRef = E184CF462C98931B0058DEF5 /* libswscale.a */; };
		E1F4746A2C99265E00193CBA /* libavformat.a in CopyFiles */ = {isa = PBXBuildFile; fileRef = E184CF442C9893090058DEF5 /* libavformat.a */; };
		E1F4746B2C99265E00193CBA /* libavutil.a in CopyFiles */ = {isa = PBXBuildFile; fileRef = E184CF422C9892F30058DEF5 /* libavutil.a */; };
		E1F4746C2C99265E00193CBA /* libpostproc.a in CopyFiles */ = {isa = PBXBuildFile; fileRef = E184CF402C9892D80058DEF5 /* libpostproc.a */; };
		E1F4746D2C99265E00193CBA /* libswresample.a in CopyFiles */ = {isa = PBXBuildFile; fileRef = E184CF3E2C9892B20058DEF5 /* libswresample.a */; };
		E1F4746E2C99265E00193CBA /* libavfilter.a in CopyFiles */ = {isa = PBXBuildFile; fileRef = E184CF3C2C98929A0058DEF5 /* libavfilter.a */; };
		E1F4746F2C99265E00193CBA /* libavdevice.a in CopyFiles */ = {isa = PBXBuildFile; fileRef = E184CF322C9891CD0058DEF5 /* libavdevice.a */; };
/* End PBXBuildFile section */

/* Begin PBXCopyFilesBuildPhase section */
		E1F474512C99260900193CBA /* CopyFiles */ = {
			isa = PBXCopyFilesBuildPhase;
			buildActionMask = 12;
			dstPath = libopencv;
			dstSubfolderSpec = 6;
			files = (
				E146FE7D2CA1314100CF1713 /* libopencv_core.a in CopyFiles */,
				E146FE7E2CA1314100CF1713 /* libopencv_core.dylib in CopyFiles */,
				E146FE7F2CA1314100CF1713 /* libopencv_highgui.a in CopyFiles */,
				E146FE802CA1314100CF1713 /* libopencv_highgui.dylib in CopyFiles */,
				E146FE812CA1314100CF1713 /* libopencv_imgproc.a in CopyFiles */,
				E146FE822CA1314100CF1713 /* libopencv_imgproc.dylib in CopyFiles */,
				E146FE832CA1314100CF1713 /* libopencv_videoio.a in CopyFiles */,
				E146FE842CA1314100CF1713 /* libopencv_videoio.dylib in CopyFiles */,
			);
			runOnlyForDeploymentPostprocessing = 0;
		};
		E1F4745A2C99262E00193CBA /* CopyFiles */ = {
			isa = PBXCopyFilesBuildPhase;
			buildActionMask = 12;
			dstPath = libsdl2;
			dstSubfolderSpec = 6;
			files = (
				E1F4745B2C99264200193CBA /* libSDL2.a in CopyFiles */,
				E1F4745C2C99264200193CBA /* libSDL2_test.a in CopyFiles */,
				E1F4745D2C99264200193CBA /* libSDL2.dylib in CopyFiles */,
				E1F4745E2C99264200193CBA /* libSDL2main.a in CopyFiles */,
			);
			runOnlyForDeploymentPostprocessing = 0;
		};
		E1F4745F2C99264B00193CBA /* CopyFiles */ = {
			isa = PBXCopyFilesBuildPhase;
			buildActionMask = 12;
			dstPath = libffmpeg;
			dstSubfolderSpec = 6;
			files = (
				E1F474602C99265E00193CBA /* libavcodec.dylib in CopyFiles */,
				E1F474612C99265E00193CBA /* libavdevice.dylib in CopyFiles */,
				E1F474622C99265E00193CBA /* libavfilter.dylib in CopyFiles */,
				E1F474632C99265E00193CBA /* libavformat.dylib in CopyFiles */,
				E1F474642C99265E00193CBA /* libavutil.dylib in CopyFiles */,
				E1F474652C99265E00193CBA /* libpostproc.dylib in CopyFiles */,
				E1F474662C99265E00193CBA /* libswresample.dylib in CopyFiles */,
				E1F474672C99265E00193CBA /* libswscale.dylib in CopyFiles */,
				E1F474682C99265E00193CBA /* libavcodec.a in CopyFiles */,
				E1F474692C99265E00193CBA /* libswscale.a in CopyFiles */,
				E1F4746A2C99265E00193CBA /* libavformat.a in CopyFiles */,
				E1F4746B2C99265E00193CBA /* libavutil.a in CopyFiles */,
				E1F4746C2C99265E00193CBA /* libpostproc.a in CopyFiles */,
				E1F4746D2C99265E00193CBA /* libswresample.a in CopyFiles */,
				E1F4746E2C99265E00193CBA /* libavfilter.a in CopyFiles */,
				E1F4746F2C99265E00193CBA /* libavdevice.a in CopyFiles */,
			);
			runOnlyForDeploymentPostprocessing = 0;
		};
/* End PBXCopyFilesBuildPhase section */

/* Begin PBXFileReference section */
		E184CF162C988B580058DEF5 /* libopencv_core.a */ = {isa = PBXFileReference; lastKnownFileType = archive.ar; path = libopencv_core.a; sourceTree = "<group>"; };
		E184CF172C988B580058DEF5 /* libopencv_core.dylib */ = {isa = PBXFileReference; lastKnownFileType = "compiled.mach-o.dylib"; path = libopencv_core.dylib; sourceTree = "<group>"; };
		E184CF182C988B580058DEF5 /* libopencv_highgui.a */ = {isa = PBXFileReference; lastKnownFileType = archive.ar; path = libopencv_highgui.a; sourceTree = "<group>"; };
		E184CF192C988B580058DEF5 /* libopencv_highgui.dylib */ = {isa = PBXFileReference; lastKnownFileType = "compiled.mach-o.dylib"; path = libopencv_highgui.dylib; sourceTree = "<group>"; };
		E184CF1A2C988B580058DEF5 /* libopencv_imgproc.a */ = {isa = PBXFileReference; lastKnownFileType = archive.ar; path = libopencv_imgproc.a; sourceTree = "<group>"; };
		E184CF1B2C988B580058DEF5 /* libopencv_imgproc.dylib */ = {isa = PBXFileReference; lastKnownFileType = "compiled.mach-o.dylib"; path = libopencv_imgproc.dylib; sourceTree = "<group>"; };
		E184CF1C2C988B580058DEF5 /* libopencv_videoio.a */ = {isa = PBXFileReference; lastKnownFileType = archive.ar; path = libopencv_videoio.a; sourceTree = "<group>"; };
		E184CF1D2C988B580058DEF5 /* libopencv_videoio.dylib */ = {isa = PBXFileReference; lastKnownFileType = "compiled.mach-o.dylib"; path = libopencv_videoio.dylib; sourceTree = "<group>"; };
		E184CF282C988BBB0058DEF5 /* libSDL2.a */ = {isa = PBXFileReference; lastKnownFileType = archive.ar; path = libSDL2.a; sourceTree = "<group>"; };
		E184CF292C988BBB0058DEF5 /* libSDL2_test.a */ = {isa = PBXFileReference; lastKnownFileType = archive.ar; path = libSDL2_test.a; sourceTree = "<group>"; };
		E184CF2A2C988BBB0058DEF5 /* libSDL2.dylib */ = {isa = PBXFileReference; lastKnownFileType = "compiled.mach-o.dylib"; path = libSDL2.dylib; sourceTree = "<group>"; };
		E184CF2B2C988BBB0058DEF5 /* libSDL2main.a */ = {isa = PBXFileReference; lastKnownFileType = archive.ar; path = libSDL2main.a; sourceTree = "<group>"; };
		E184CF322C9891CD0058DEF5 /* libavdevice.a */ = {isa = PBXFileReference; lastKnownFileType = archive.ar; path = libavdevice.a; sourceTree = "<group>"; };
		E184CF3C2C98929A0058DEF5 /* libavfilter.a */ = {isa = PBXFileReference; lastKnownFileType = archive.ar; path = libavfilter.a; sourceTree = "<group>"; };
		E184CF3E2C9892B20058DEF5 /* libswresample.a */ = {isa = PBXFileReference; lastKnownFileType = archive.ar; path = libswresample.a; sourceTree = "<group>"; };
		E184CF402C9892D80058DEF5 /* libpostproc.a */ = {isa = PBXFileReference; lastKnownFileType = archive.ar; path = libpostproc.a; sourceTree = "<group>"; };
		E184CF422C9892F30058DEF5 /* libavutil.a */ = {isa = PBXFileReference; lastKnownFileType = archive.ar; path = libavutil.a; sourceTree = "<group>"; };
		E184CF442C9893090058DEF5 /* libavformat.a */ = {isa = PBXFileReference; lastKnownFileType = archive.ar; path = libavformat.a; sourceTree = "<group>"; };
		E184CF462C98931B0058DEF5 /* libswscale.a */ = {isa = PBXFileReference; lastKnownFileType = archive.ar; path = libswscale.a; sourceTree = "<group>"; };
		E184CF482C98932F0058DEF5 /* libavcodec.a */ = {isa = PBXFileReference; lastKnownFileType = archive.ar; path = libavcodec.a; sourceTree = "<group>"; };
		E184CF4A2C98937B0058DEF5 /* libavcodec.dylib */ = {isa = PBXFileReference; lastKnownFileType = "compiled.mach-o.dylib"; path = libavcodec.dylib; sourceTree = "<group>"; };
		E184CF4B2C98937B0058DEF5 /* libavdevice.dylib */ = {isa = PBXFileReference; lastKnownFileType = "compiled.mach-o.dylib"; path = libavdevice.dylib; sourceTree = "<group>"; };
		E184CF4C2C98937B0058DEF5 /* libavfilter.dylib */ = {isa = PBXFileReference; lastKnownFileType = "compiled.mach-o.dylib"; path = libavfilter.dylib; sourceTree = "<group>"; };
		E184CF4D2C98937B0058DEF5 /* libavformat.dylib */ = {isa = PBXFileReference; lastKnownFileType = "compiled.mach-o.dylib"; path = libavformat.dylib; sourceTree = "<group>"; };
		E184CF4E2C98937B0058DEF5 /* libavutil.dylib */ = {isa = PBXFileReference; lastKnownFileType = "compiled.mach-o.dylib"; path = libavutil.dylib; sourceTree = "<group>"; };
		E184CF4F2C98937B0058DEF5 /* libpostproc.dylib */ = {isa = PBXFileReference; lastKnownFileType = "compiled.mach-o.dylib"; path = libpostproc.dylib; sourceTree = "<group>"; };
		E184CF502C98937B0058DEF5 /* libswresample.dylib */ = {isa = PBXFileReference; lastKnownFileType = "compiled.mach-o.dylib"; path = libswresample.dylib; sourceTree = "<group>"; };
		E184CF512C98937B0058DEF5 /* libswscale.dylib */ = {isa = PBXFileReference; lastKnownFileType = "compiled.mach-o.dylib"; path = libswscale.dylib; sourceTree = "<group>"; };
		E1CBC3B72C8497AF00C2FECB /* CMD-Video-Player */ = {isa = PBXFileReference; explicitFileType = "compiled.mach-o.executable"; includeInIndex = 0; path = "CMD-Video-Player"; sourceTree = BUILT_PRODUCTS_DIR; };
/* End PBXFileReference section */

/* Begin PBXFileSystemSynchronizedBuildFileExceptionSet section */
		E17474812C8810440033494C /* PBXFileSystemSynchronizedBuildFileExceptionSet */ = {
			isa = PBXFileSystemSynchronizedBuildFileExceptionSet;
			membershipExceptions = (
				"basic-functions.hpp",
				"video-player.hpp",
			);
			target = E1CBC3B62C8497AF00C2FECB /* CMD-Video-Player */;
		};
/* End PBXFileSystemSynchronizedBuildFileExceptionSet section */

/* Begin PBXFileSystemSynchronizedRootGroup section */
		E1CBC3B92C8497AF00C2FECB /* CMD-Video-Player */ = {isa = PBXFileSystemSynchronizedRootGroup; exceptions = (E17474812C8810440033494C /* PBXFileSystemSynchronizedBuildFileExceptionSet */, ); explicitFileTypes = {}; explicitFolders = (); path = "CMD-Video-Player"; sourceTree = "<group>"; };
/* End PBXFileSystemSynchronizedRootGroup section */

/* Begin PBXFrameworksBuildPhase section */
		E1F91A052C9E8866001343D1 /* Frameworks */ = {
			isa = PBXFrameworksBuildPhase;
			buildActionMask = 2147483647;
			files = (
				E146FE852CA1317000CF1713 /* libSDL2.a in Frameworks */,
			);
			runOnlyForDeploymentPostprocessing = 0;
		};
/* End PBXFrameworksBuildPhase section */

/* Begin PBXGroup section */
		E184CF152C988B020058DEF5 /* libopencv */ = {
			isa = PBXGroup;
			children = (
				E184CF162C988B580058DEF5 /* libopencv_core.a */,
				E184CF172C988B580058DEF5 /* libopencv_core.dylib */,
				E184CF182C988B580058DEF5 /* libopencv_highgui.a */,
				E184CF192C988B580058DEF5 /* libopencv_highgui.dylib */,
				E184CF1A2C988B580058DEF5 /* libopencv_imgproc.a */,
				E184CF1B2C988B580058DEF5 /* libopencv_imgproc.dylib */,
				E184CF1C2C988B580058DEF5 /* libopencv_videoio.a */,
				E184CF1D2C988B580058DEF5 /* libopencv_videoio.dylib */,
			);
			path = libopencv;
			sourceTree = "<group>";
		};
		E184CF272C988B690058DEF5 /* libsdl2 */ = {
			isa = PBXGroup;
			children = (
				E184CF282C988BBB0058DEF5 /* libSDL2.a */,
				E184CF292C988BBB0058DEF5 /* libSDL2_test.a */,
				E184CF2A2C988BBB0058DEF5 /* libSDL2.dylib */,
				E184CF2B2C988BBB0058DEF5 /* libSDL2main.a */,
			);
			path = libsdl2;
			sourceTree = "<group>";
		};
		E184CF312C988C370058DEF5 /* libffmpeg */ = {
			isa = PBXGroup;
			children = (
				E184CF4A2C98937B0058DEF5 /* libavcodec.dylib */,
				E184CF4B2C98937B0058DEF5 /* libavdevice.dylib */,
				E184CF4C2C98937B0058DEF5 /* libavfilter.dylib */,
				E184CF4D2C98937B0058DEF5 /* libavformat.dylib */,
				E184CF4E2C98937B0058DEF5 /* libavutil.dylib */,
				E184CF4F2C98937B0058DEF5 /* libpostproc.dylib */,
				E184CF502C98937B0058DEF5 /* libswresample.dylib */,
				E184CF512C98937B0058DEF5 /* libswscale.dylib */,
				E184CF482C98932F0058DEF5 /* libavcodec.a */,
				E184CF462C98931B0058DEF5 /* libswscale.a */,
				E184CF442C9893090058DEF5 /* libavformat.a */,
				E184CF422C9892F30058DEF5 /* libavutil.a */,
				E184CF402C9892D80058DEF5 /* libpostproc.a */,
				E184CF3E2C9892B20058DEF5 /* libswresample.a */,
				E184CF3C2C98929A0058DEF5 /* libavfilter.a */,
				E184CF322C9891CD0058DEF5 /* libavdevice.a */,
			);
			path = libffmpeg;
			sourceTree = "<group>";
		};
		E1CBC3AE2C8497AF00C2FECB = {
			isa = PBXGroup;
			children = (
				E184CF312C988C370058DEF5 /* libffmpeg */,
				E184CF272C988B690058DEF5 /* libsdl2 */,
				E184CF152C988B020058DEF5 /* libopencv */,
				E1CBC3B92C8497AF00C2FECB /* CMD-Video-Player */,
				E1CBC3B82C8497AF00C2FECB /* Products */,
				E1DCA69C2C86D15E00935E38 /* Frameworks */,
			);
			sourceTree = "<group>";
		};
		E1CBC3B82C8497AF00C2FECB /* Products */ = {
			isa = PBXGroup;
			children = (
				E1CBC3B72C8497AF00C2FECB /* CMD-Video-Player */,
			);
			name = Products;
			sourceTree = "<group>";
		};
		E1DCA69C2C86D15E00935E38 /* Frameworks */ = {
			isa = PBXGroup;
			children = (
			);
			name = Frameworks;
			sourceTree = "<group>";
		};
/* End PBXGroup section */

/* Begin PBXHeadersBuildPhase section */
		E15B31762C86D49F0011C3A6 /* Headers */ = {
			isa = PBXHeadersBuildPhase;
			buildActionMask = 2147483647;
			files = (
			);
			runOnlyForDeploymentPostprocessing = 0;
		};
/* End PBXHeadersBuildPhase section */

/* Begin PBXNativeTarget section */
		E1CBC3B62C8497AF00C2FECB /* CMD-Video-Player */ = {
			isa = PBXNativeTarget;
			buildConfigurationList = E1CBC3BE2C8497AF00C2FECB /* Build configuration list for PBXNativeTarget "CMD-Video-Player" */;
			buildPhases = (
				E1F474512C99260900193CBA /* CopyFiles */,
				E1F4745A2C99262E00193CBA /* CopyFiles */,
				E1F4745F2C99264B00193CBA /* CopyFiles */,
				E1BFC1F32C8EA1C600F594EB /* Resources */,
				E15B31762C86D49F0011C3A6 /* Headers */,
				E1CBC3B32C8497AF00C2FECB /* Sources */,
				E1F91A052C9E8866001343D1 /* Frameworks */,
			);
			buildRules = (
			);
			dependencies = (
			);
			fileSystemSynchronizedGroups = (
				E1CBC3B92C8497AF00C2FECB /* CMD-Video-Player */,
			);
			name = "CMD-Video-Player";
			packageProductDependencies = (
			);
			productName = "CMD-Video-Player";
			productReference = E1CBC3B72C8497AF00C2FECB /* CMD-Video-Player */;
			productType = "com.apple.product-type.tool";
		};
/* End PBXNativeTarget section */

/* Begin PBXProject section */
		E1CBC3AF2C8497AF00C2FECB /* Project object */ = {
			isa = PBXProject;
			attributes = {
				BuildIndependentTargetsInParallel = 1;
				LastUpgradeCheck = 1600;
				TargetAttributes = {
					E1CBC3B62C8497AF00C2FECB = {
						CreatedOnToolsVersion = 16.0;
					};
				};
			};
			buildConfigurationList = E1CBC3B22C8497AF00C2FECB /* Build configuration list for PBXProject "CMD-Video-Player" */;
			compatibilityVersion = "Xcode 15.3";
			developmentRegion = en;
			hasScannedForEncodings = 0;
			knownRegions = (
				en,
				Base,
			);
			mainGroup = E1CBC3AE2C8497AF00C2FECB;
			productRefGroup = E1CBC3AE2C8497AF00C2FECB;
			projectDirPath = "";
			projectRoot = "";
			targets = (
				E1CBC3B62C8497AF00C2FECB /* CMD-Video-Player */,
			);
		};
/* End PBXProject section */

/* Begin PBXResourcesBuildPhase section */
		E1BFC1F32C8EA1C600F594EB /* Resources */ = {
			isa = PBXResourcesBuildPhase;
			buildActionMask = 2147483647;
			files = (
			);
			runOnlyForDeploymentPostprocessing = 0;
		};
/* End PBXResourcesBuildPhase section */

/* Begin PBXSourcesBuildPhase section */
		E1CBC3B32C8497AF00C2FECB /* Sources */ = {
			isa = PBXSourcesBuildPhase;
			buildActionMask = 2147483647;
			files = (
			);
			runOnlyForDeploymentPostprocessing = 0;
		};
/* End PBXSourcesBuildPhase section */

/* Begin XCBuildConfiguration section */
		E1CBC3BC2C8497AF00C2FECB /* Debug */ = {
			isa = XCBuildConfiguration;
			buildSettings = {
				ALWAYS_SEARCH_USER_PATHS = YES;
				ASSETCATALOG_COMPILER_GENERATE_SWIFT_ASSET_SYMBOL_EXTENSIONS = YES;
				CLANG_ANALYZER_NONNULL = YES;
				CLANG_ANALYZER_NUMBER_OBJECT_CONVERSION = YES_AGGRESSIVE;
				CLANG_CXX_LANGUAGE_STANDARD = "gnu++20";
				CLANG_ENABLE_MODULES = YES;
				CLANG_ENABLE_OBJC_ARC = YES;
				CLANG_ENABLE_OBJC_WEAK = YES;
				CLANG_WARN_BLOCK_CAPTURE_AUTORELEASING = YES;
				CLANG_WARN_BOOL_CONVERSION = YES;
				CLANG_WARN_COMMA = YES;
				CLANG_WARN_CONSTANT_CONVERSION = YES;
				CLANG_WARN_DEPRECATED_OBJC_IMPLEMENTATIONS = YES;
				CLANG_WARN_DIRECT_OBJC_ISA_USAGE = YES_ERROR;
				CLANG_WARN_DOCUMENTATION_COMMENTS = YES;
				CLANG_WARN_EMPTY_BODY = YES;
				CLANG_WARN_ENUM_CONVERSION = YES;
				CLANG_WARN_INFINITE_RECURSION = YES;
				CLANG_WARN_INT_CONVERSION = YES;
				CLANG_WARN_NON_LITERAL_NULL_CONVERSION = YES;
				CLANG_WARN_OBJC_IMPLICIT_RETAIN_SELF = YES;
				CLANG_WARN_OBJC_LITERAL_CONVERSION = YES;
				CLANG_WARN_OBJC_ROOT_CLASS = YES_ERROR;
				CLANG_WARN_QUOTED_INCLUDE_IN_FRAMEWORK_HEADER = YES;
				CLANG_WARN_RANGE_LOOP_ANALYSIS = YES;
				CLANG_WARN_STRICT_PROTOTYPES = YES;
				CLANG_WARN_SUSPICIOUS_MOVE = YES;
				CLANG_WARN_UNGUARDED_AVAILABILITY = YES_AGGRESSIVE;
				CLANG_WARN_UNREACHABLE_CODE = YES;
				CLANG_WARN__DUPLICATE_METHOD_MATCH = YES;
				COPY_PHASE_STRIP = NO;
				DEBUG_INFORMATION_FORMAT = dwarf;
				ENABLE_STRICT_OBJC_MSGSEND = YES;
				ENABLE_TESTABILITY = YES;
				ENABLE_USER_SCRIPT_SANDBOXING = YES;
				EXCLUDED_ARCHS = x86_64;
				"EXCLUDED_ARCHS[sdk=*]" = x86_64;
				GCC_C_LANGUAGE_STANDARD = gnu17;
				GCC_DYNAMIC_NO_PIC = NO;
				GCC_NO_COMMON_BLOCKS = YES;
				GCC_OPTIMIZATION_LEVEL = 0;
				GCC_PREPROCESSOR_DEFINITIONS = (
					"DEBUG=1",
					"$(inherited)",
				);
				GCC_WARN_64_TO_32_BIT_CONVERSION = YES;
				GCC_WARN_ABOUT_RETURN_TYPE = YES_ERROR;
				GCC_WARN_UNDECLARED_SELECTOR = YES;
				GCC_WARN_UNINITIALIZED_AUTOS = YES_AGGRESSIVE;
				GCC_WARN_UNUSED_FUNCTION = YES;
				GCC_WARN_UNUSED_VARIABLE = YES;
				HEADER_SEARCH_PATHS = "";
				LD_RUNPATH_SEARCH_PATHS = "";
				LIBRARY_SEARCH_PATHS = "";
				LOCALIZATION_PREFERS_STRING_CATALOGS = YES;
				MACOSX_DEPLOYMENT_TARGET = 15.0;
				MTL_ENABLE_DEBUG_INFO = INCLUDE_SOURCE;
				MTL_FAST_MATH = YES;
				ONLY_ACTIVE_ARCH = YES;
				REEXPORTED_LIBRARY_PATHS = "";
				SDKROOT = macosx;
			};
			name = Debug;
		};
		E1CBC3BD2C8497AF00C2FECB /* Release */ = {
			isa = XCBuildConfiguration;
			buildSettings = {
				ALWAYS_SEARCH_USER_PATHS = YES;
				ASSETCATALOG_COMPILER_GENERATE_SWIFT_ASSET_SYMBOL_EXTENSIONS = YES;
				CLANG_ANALYZER_NONNULL = YES;
				CLANG_ANALYZER_NUMBER_OBJECT_CONVERSION = YES_AGGRESSIVE;
				CLANG_CXX_LANGUAGE_STANDARD = "gnu++20";
				CLANG_ENABLE_MODULES = YES;
				CLANG_ENABLE_OBJC_ARC = YES;
				CLANG_ENABLE_OBJC_WEAK = YES;
				CLANG_WARN_BLOCK_CAPTURE_AUTORELEASING = YES;
				CLANG_WARN_BOOL_CONVERSION = YES;
				CLANG_WARN_COMMA = YES;
				CLANG_WARN_CONSTANT_CONVERSION = YES;
				CLANG_WARN_DEPRECATED_OBJC_IMPLEMENTATIONS = YES;
				CLANG_WARN_DIRECT_OBJC_ISA_USAGE = YES_ERROR;
				CLANG_WARN_DOCUMENTATION_COMMENTS = YES;
				CLANG_WARN_EMPTY_BODY = YES;
				CLANG_WARN_ENUM_CONVERSION = YES;
				CLANG_WARN_INFINITE_RECURSION = YES;
				CLANG_WARN_INT_CONVERSION = YES;
				CLANG_WARN_NON_LITERAL_NULL_CONVERSION = YES;
				CLANG_WARN_OBJC_IMPLICIT_RETAIN_SELF = YES;
				CLANG_WARN_OBJC_LITERAL_CONVERSION = YES;
				CLANG_WARN_OBJC_ROOT_CLASS = YES_ERROR;
				CLANG_WARN_QUOTED_INCLUDE_IN_FRAMEWORK_HEADER = YES;
				CLANG_WARN_RANGE_LOOP_ANALYSIS = YES;
				CLANG_WARN_STRICT_PROTOTYPES = YES;
				CLANG_WARN_SUSPICIOUS_MOVE = YES;
				CLANG_WARN_UNGUARDED_AVAILABILITY = YES_AGGRESSIVE;
				CLANG_WARN_UNREACHABLE_CODE = YES;
				CLANG_WARN__DUPLICATE_METHOD_MATCH = YES;
				COPY_PHASE_STRIP = NO;
				DEBUG_INFORMATION_FORMAT = "dwarf-with-dsym";
				ENABLE_NS_ASSERTIONS = NO;
				ENABLE_STRICT_OBJC_MSGSEND = YES;
				ENABLE_USER_SCRIPT_SANDBOXING = YES;
				EXCLUDED_ARCHS = x86_64;
				"EXCLUDED_ARCHS[sdk=*]" = x86_64;
				GCC_C_LANGUAGE_STANDARD = gnu17;
				GCC_NO_COMMON_BLOCKS = YES;
				GCC_WARN_64_TO_32_BIT_CONVERSION = YES;
				GCC_WARN_ABOUT_RETURN_TYPE = YES_ERROR;
				GCC_WARN_UNDECLARED_SELECTOR = YES;
				GCC_WARN_UNINITIALIZED_AUTOS = YES_AGGRESSIVE;
				GCC_WARN_UNUSED_FUNCTION = YES;
				GCC_WARN_UNUSED_VARIABLE = YES;
				HEADER_SEARCH_PATHS = "";
				LD_RUNPATH_SEARCH_PATHS = "";
				LIBRARY_SEARCH_PATHS = "";
				LOCALIZATION_PREFERS_STRING_CATALOGS = YES;
				MACOSX_DEPLOYMENT_TARGET = 15.0;
				MTL_ENABLE_DEBUG_INFO = NO;
				MTL_FAST_MATH = YES;
				ONLY_ACTIVE_ARCH = YES;
				REEXPORTED_LIBRARY_PATHS = "";
				SDKROOT = macosx;
			};
			name = Release;
		};
		E1CBC3BF2C8497AF00C2FECB /* Debug */ = {
			isa = XCBuildConfiguration;
			buildSettings = {
				ALWAYS_SEARCH_USER_PATHS = YES;
				CLANG_CXX_LANGUAGE_STANDARD = "c++20";
				CODE_SIGN_ENTITLEMENTS = "CMD-Video-Player/CMD-Video-Player.entitlements";
				CODE_SIGN_IDENTITY = "Apple Development";
				"CODE_SIGN_IDENTITY[sdk=macosx*]" = "Apple Development";
				CODE_SIGN_STYLE = Automatic;
				COPY_HEADERS_RUN_UNIFDEF = NO;
				DEVELOPMENT_TEAM = 8RY46C6B44;
				ENABLE_HARDENED_RUNTIME = YES;
				HEADER_SEARCH_PATHS = (
					/opt/homebrew/Cellar/opencv/4.10.0_5/include/opencv4,
					/opt/homebrew/Cellar/ffmpeg/7.0.2/include,
					/opt/homebrew/Cellar/sdl2/2.30.7/include,
				);
				LD_QUOTE_LINKER_ARGUMENTS_FOR_COMPILER_DRIVER = YES;
				LD_RUNPATH_SEARCH_PATHS = "";
				LIBRARY_SEARCH_PATHS = (
					"./libffmpeg/**",
					"./libopencv/**",
					"./libsdl2/**",
				);
				"LIBRARY_SEARCH_PATHS[arch=*]" = (
					"./libffmpeg/**",
					"./libopencv/**",
					"./libsdl2/**",
				);
				MACOSX_DEPLOYMENT_TARGET = 11.0;
				OTHER_LDFLAGS = (
					"-lavcodec",
					"-lavdevice",
					"-lavfilter",
					"-lavformat",
					"-lavutil",
					"-lopencv_core",
					"-lopencv_highgui",
					"-lopencv_imgproc",
					"-lopencv_videoio",
					"-lpostproc",
					"-lswresample",
					"-lswscale",
				);
				OTHER_LIBTOOLFLAGS = "";
				PRODUCT_NAME = "$(TARGET_NAME)";
				REZ_SEARCH_PATHS = "";
				"SYSTEM_HEADER_SEARCH_PATHS[arch=*]" = "";
				TAPI_LANGUAGE = "c++";
				"USER_HEADER_SEARCH_PATHS[arch=*]" = "";
				USE_HEADERMAP = NO;
			};
			name = Debug;
		};
		E1CBC3C02C8497AF00C2FECB /* Release */ = {
			isa = XCBuildConfiguration;
			buildSettings = {
				ALWAYS_SEARCH_USER_PATHS = YES;
				CLANG_CXX_LANGUAGE_STANDARD = "c++20";
				CODE_SIGN_ENTITLEMENTS = "CMD-Video-Player/CMD-Video-Player.entitlements";
				"CODE_SIGN_IDENTITY[sdk=macosx*]" = "Apple Development";
				CODE_SIGN_STYLE = Automatic;
				DEVELOPMENT_TEAM = 8RY46C6B44;
				ENABLE_HARDENED_RUNTIME = YES;
				HEADER_SEARCH_PATHS = (
					/opt/homebrew/Cellar/opencv/4.10.0_5/include/opencv4,
					/opt/homebrew/Cellar/ffmpeg/7.0.2/include,
					/opt/homebrew/Cellar/sdl2/2.30.7/include,
				);
				LD_QUOTE_LINKER_ARGUMENTS_FOR_COMPILER_DRIVER = YES;
				LD_RUNPATH_SEARCH_PATHS = "";
				LIBRARY_SEARCH_PATHS = (
					"./libffmpeg/**",
					"./libopencv/**",
					"./libsdl2/**",
				);
				"LIBRARY_SEARCH_PATHS[arch=*]" = (
					"./libffmpeg/**",
					"./libopencv/**",
					"./libsdl2/**",
				);
				MACOSX_DEPLOYMENT_TARGET = 11.0;
				OTHER_LDFLAGS = (
					"-lavcodec",
					"-lavdevice",
					"-lavfilter",
					"-lavformat",
					"-lavutil",
					"-lopencv_core",
					"-lopencv_highgui",
					"-lopencv_imgproc",
					"-lopencv_videoio",
					"-lpostproc",
					"-lswresample",
					"-lswscale",
				);
				OTHER_LIBTOOLFLAGS = "";
				PRODUCT_NAME = "$(TARGET_NAME)";
				REZ_SEARCH_PATHS = "";
				"SYSTEM_HEADER_SEARCH_PATHS[arch=*]" = "";
				TAPI_LANGUAGE = "c++";
				"USER_HEADER_SEARCH_PATHS[arch=*]" = "";
				USE_HEADERMAP = NO;
			};
			name = Release;
		};
/* End XCBuildConfiguration section */

/* Begin XCConfigurationList section */
		E1CBC3B22C8497AF00C2FECB /* Build configuration list for PBXProject "CMD-Video-Player" */ = {
			isa = XCConfigurationList;
			buildConfigurations = (
				E1CBC3BC2C8497AF00C2FECB /* Debug */,
				E1CBC3BD2C8497AF00C2FECB /* Release */,
			);
			defaultConfigurationIsVisible = 0;
			defaultConfigurationName = Release;
		};
		E1CBC3BE2C8497AF00C2FECB /* Build configuration list for PBXNativeTarget "CMD-Video-Player" */ = {
			isa = XCConfigurationList;
			buildConfigurations = (
				E1CBC3BF2C8497AF00C2FECB /* Debug */,
				E1CBC3C02C8497AF00C2FECB /* Release */,
			);
			defaultConfigurationIsVisible = 0;
			defaultConfigurationName = Release;
		};
/* End XCConfigurationList section */
	};
	rootObject = E1CBC3AF2C8497AF00C2FECB /* Project object */;
}
